
Microsoft Visual Studio Solution File, Format Version 12.00
# Visual Studio Version 16
VisualStudioVersion = 25.0.1706.11
MinimumVisualStudioVersion = 10.0.40219.1
Project("{FAE04EC0-301F-11D3-BF4B-00C04F79EFBC}") = "CBService", "CBService\CBService.csproj", "{DD9B868F-E09C-4C2F-873D-508A552B8384}"
EndProject
Global
	GlobalSection(SolutionConfigurationPlatforms) = preSolution
		Debug|Any CPU = Debug|Any CPU
		Release|Any CPU = Release|Any CPU
	EndGlobalSection
	GlobalSection(ProjectConfigurationPlatforms) = postSolution
		{DD9B868F-E09C-4C2F-873D-508A552B8384}.Debug|Any CPU.ActiveCfg = Debug|Any CPU
		{DD9B868F-E09C-4C2F-873D-508A552B8384}.Debug|Any CPU.Build.0 = Debug|Any CPU
		{DD9B868F-E09C-4C2F-873D-508A552B8384}.Release|Any CPU.ActiveCfg = Release|Any CPU
		{DD9B868F-E09C-4C2F-873D-508A552B8384}.Release|Any CPU.Build.0 = Release|Any CPU
	EndGlobalSection
	GlobalSection(SolutionProperties) = preSolution
		HideSolutionNode = FALSE
	EndGlobalSection
	GlobalSection(ExtensibilityGlobals) = postSolution
		SolutionGuid = {E1FCC902-F42A-4EC1-82E6-A36B6B9BE2D0}
	EndGlobalSection
EndGlobal
