
Microsoft Visual Studio Solution File, Format Version 12.00
# Visual Studio Version 16
VisualStudioVersion = 25.0.1706.8
MinimumVisualStudioVersion = 10.0.40219.1
Project("{FAE04EC0-301F-11D3-BF4B-00C04F79EFBC}") = "CustomerTestProject", "CustomerTestProject.csproj", "{8725956B-C41F-43B8-AE56-A9B98339B59F}"
EndProject
Global
	GlobalSection(SolutionConfigurationPlatforms) = preSolution
		Debug|Any CPU = Debug|Any CPU
		Release|Any CPU = Release|Any CPU
	EndGlobalSection
	GlobalSection(ProjectConfigurationPlatforms) = postSolution
		{8725956B-C41F-43B8-AE56-A9B98339B59F}.Debug|Any CPU.ActiveCfg = Debug|Any CPU
		{8725956B-C41F-43B8-AE56-A9B98339B59F}.Debug|Any CPU.Build.0 = Debug|Any CPU
		{8725956B-C41F-43B8-AE56-A9B98339B59F}.Release|Any CPU.ActiveCfg = Release|Any CPU
		{8725956B-C41F-43B8-AE56-A9B98339B59F}.Release|Any CPU.Build.0 = Release|Any CPU
	EndGlobalSection
	GlobalSection(SolutionProperties) = preSolution
		HideSolutionNode = FALSE
	EndGlobalSection
	GlobalSection(ExtensibilityGlobals) = postSolution
		SolutionGuid = {14054D30-EAF9-4440-84E8-89160DF8C921}
	EndGlobalSection
EndGlobal
